
Microsoft Visual Studio Solution File, Format Version 12.00
# Visual Studio 15
Project("{FAE04EC0-301F-11D3-BF4B-00C04F79EFBC}") = "Assembly-CSharp", "Assembly-CSharp.csproj", "{66B2C0DD-39EA-093D-4CF0-0878684B4A01}"
EndProject
Project("{FAE04EC0-301F-11D3-BF4B-00C04F79EFBC}") = "Assembly-CSharp", "Assembly-CSharp.Player.csproj", "{4E1A78A8-66A8-3EF9-C654-51917BA345BA}"
EndProject
Global
	GlobalSection(SolutionConfigurationPlatforms) = preSolution
		Debug|Any CPU = Debug|Any CPU
		Release|Any CPU = Release|Any CPU
	EndGlobalSection
	GlobalSection(ProjectConfigurationPlatforms) = postSolution
		{66B2C0DD-39EA-093D-4CF0-0878684B4A01}.Debug|Any CPU.ActiveCfg = Debug|Any CPU
		{66B2C0DD-39EA-093D-4CF0-0878684B4A01}.Debug|Any CPU.Build.0 = Debug|Any CPU
		{66B2C0DD-39EA-093D-4CF0-0878684B4A01}.Release|Any CPU.ActiveCfg = Release|Any CPU
		{66B2C0DD-39EA-093D-4CF0-0878684B4A01}.Release|Any CPU.Build.0 = Release|Any CPU
		{4E1A78A8-66A8-3EF9-C654-51917BA345BA}.Debug|Any CPU.ActiveCfg = Debug|Any CPU
		{4E1A78A8-66A8-3EF9-C654-51917BA345BA}.Debug|Any CPU.Build.0 = Debug|Any CPU
		{4E1A78A8-66A8-3EF9-C654-51917BA345BA}.Release|Any CPU.ActiveCfg = Release|Any CPU
		{4E1A78A8-66A8-3EF9-C654-51917BA345BA}.Release|Any CPU.Build.0 = Release|Any CPU
	EndGlobalSection
	GlobalSection(SolutionProperties) = preSolution
		HideSolutionNode = FALSE
	EndGlobalSection
EndGlobal
